// !$*UTF8*$!
{
	archiveVersion = 1;
	classes = {
	};
	objectVersion = 77;
	objects = {

/* Begin PBXBuildFile section */
		A2B6E3312DC1B688007886E6 /* README.md in Resources */ = {isa = PBXBuildFile; fileRef = A2B6E3302DC1B688007886E6 /* README.md */; };
/* End PBXBuildFile section */

/* Begin PBXContainerItemProxy section */
		A2B6DA0E2DB93214007886E6 /* PBXContainerItemProxy */ = {
			isa = PBXContainerItemProxy;
			containerPortal = A2B6D9EF2DB93213007886E6 /* Project object */;
			proxyType = 1;
			remoteGlobalIDString = A2B6D9F62DB93213007886E6;
			remoteInfo = "convex-uikit";
		};
		A2B6DA182DB93214007886E6 /* PBXContainerItemProxy */ = {
			isa = PBXContainerItemProxy;
			containerPortal = A2B6D9EF2DB93213007886E6 /* Project object */;
			proxyType = 1;
			remoteGlobalIDString = A2B6D9F62DB93213007886E6;
			remoteInfo = "convex-uikit";
		};
/* End PBXContainerItemProxy section */

/* Begin PBXFileReference section */
		A2B6D9F72DB93213007886E6 /* studio-kit-example.app */ = {isa = PBXFileReference; explicitFileType = wrapper.application; includeInIndex = 0; path = "studio-kit-example.app"; sourceTree = BUILT_PRODUCTS_DIR; };
		A2B6DA0D2DB93214007886E6 /* studio-kit-exampleTests.xctest */ = {isa = PBXFileReference; explicitFileType = wrapper.cfbundle; includeInIndex = 0; path = "studio-kit-exampleTests.xctest"; sourceTree = BUILT_PRODUCTS_DIR; };
		A2B6DA172DB93214007886E6 /* studio-kit-exampleUITests.xctest */ = {isa = PBXFileReference; explicitFileType = wrapper.cfbundle; includeInIndex = 0; path = "studio-kit-exampleUITests.xctest"; sourceTree = BUILT_PRODUCTS_DIR; };
		A2B6E3302DC1B688007886E6 /* README.md */ = {isa = PBXFileReference; lastKnownFileType = net.daringfireball.markdown; path = README.md; sourceTree = "<group>"; };
/* End PBXFileReference section */

/* Begin PBXFileSystemSynchronizedBuildFileExceptionSet section */
		A2B6DA1F2DB93214007886E6 /* Exceptions for "studio-kit-example" folder in "studio-kit-example" target */ = {
			isa = PBXFileSystemSynchronizedBuildFileExceptionSet;
			membershipExceptions = (
				Info.plist,
			);
			target = A2B6D9F62DB93213007886E6 /* studio-kit-example */;
		};
/* End PBXFileSystemSynchronizedBuildFileExceptionSet section */

/* Begin PBXFileSystemSynchronizedRootGroup section */
		A2B6D9F92DB93213007886E6 /* studio-kit-example */ = {
			isa = PBXFileSystemSynchronizedRootGroup;
			exceptions = (
				A2B6DA1F2DB93214007886E6 /* Exceptions for "studio-kit-example" folder in "studio-kit-example" target */,
			);
			path = "studio-kit-example";
			sourceTree = "<group>";
		};
/* End PBXFileSystemSynchronizedRootGroup section */

/* Begin PBXFrameworksBuildPhase section */
		A2B6D9F42DB93213007886E6 /* Frameworks */ = {
			isa = PBXFrameworksBuildPhase;
			buildActionMask = 2147483647;
			files = (
			);
			runOnlyForDeploymentPostprocessing = 0;
		};
		A2B6DA0A2DB93214007886E6 /* Frameworks */ = {
			isa = PBXFrameworksBuildPhase;
			buildActionMask = 2147483647;
			files = (
			);
			runOnlyForDeploymentPostprocessing = 0;
		};
		A2B6DA142DB93214007886E6 /* Frameworks */ = {
			isa = PBXFrameworksBuildPhase;
			buildActionMask = 2147483647;
			files = (
			);
			runOnlyForDeploymentPostprocessing = 0;
		};
/* End PBXFrameworksBuildPhase section */

/* Begin PBXGroup section */
		A2B6D9EE2DB93213007886E6 = {
			isa = PBXGroup;
			children = (
				A2B6E3302DC1B688007886E6 /* README.md */,
				A2B6D9F92DB93213007886E6 /* studio-kit-example */,
				A2B6D9F82DB93213007886E6 /* Products */,
			);
			sourceTree = "<group>";
		};
		A2B6D9F82DB93213007886E6 /* Products */ = {
			isa = PBXGroup;
			children = (
				A2B6D9F72DB93213007886E6 /* studio-kit-example.app */,
				A2B6DA0D2DB93214007886E6 /* studio-kit-exampleTests.xctest */,
				A2B6DA172DB93214007886E6 /* studio-kit-exampleUITests.xctest */,
			);
			name = Products;
			sourceTree = "<group>";
		};
/* End PBXGroup section */

/* Begin PBXNativeTarget section */
		A2B6D9F62DB93213007886E6 /* studio-kit-example */ = {
			isa = PBXNativeTarget;
			buildConfigurationList = A2B6DA202DB93214007886E6 /* Build configuration list for PBXNativeTarget "studio-kit-example" */;
			buildPhases = (
				A2B6D9F32DB93213007886E6 /* Sources */,
				A2B6D9F42DB93213007886E6 /* Frameworks */,
				A2B6D9F52DB93213007886E6 /* Resources */,
			);
			buildRules = (
			);
			dependencies = (
			);
			fileSystemSynchronizedGroups = (
				A2B6D9F92DB93213007886E6 /* studio-kit-example */,
			);
			name = "studio-kit-example";
			packageProductDependencies = (
			);
			productName = "convex-uikit";
			productReference = A2B6D9F72DB93213007886E6 /* studio-kit-example.app */;
			productType = "com.apple.product-type.application";
		};
		A2B6DA0C2DB93214007886E6 /* studio-kit-exampleTests */ = {
			isa = PBXNativeTarget;
			buildConfigurationList = A2B6DA252DB93214007886E6 /* Build configuration list for PBXNativeTarget "studio-kit-exampleTests" */;
			buildPhases = (
				A2B6DA092DB93214007886E6 /* Sources */,
				A2B6DA0A2DB93214007886E6 /* Frameworks */,
				A2B6DA0B2DB93214007886E6 /* Resources */,
			);
			buildRules = (
			);
			dependencies = (
				A2B6DA0F2DB93214007886E6 /* PBXTargetDependency */,
			);
			name = "studio-kit-exampleTests";
			packageProductDependencies = (
			);
			productName = "convex-uikitTests";
			productReference = A2B6DA0D2DB93214007886E6 /* studio-kit-exampleTests.xctest */;
			productType = "com.apple.product-type.bundle.unit-test";
		};
		A2B6DA162DB93214007886E6 /* studio-kit-exampleUITests */ = {
			isa = PBXNativeTarget;
			buildConfigurationList = A2B6DA282DB93214007886E6 /* Build configuration list for PBXNativeTarget "studio-kit-exampleUITests" */;
			buildPhases = (
				A2B6DA132DB93214007886E6 /* Sources */,
				A2B6DA142DB93214007886E6 /* Frameworks */,
				A2B6DA152DB93214007886E6 /* Resources */,
			);
			buildRules = (
			);
			dependencies = (
				A2B6DA192DB93214007886E6 /* PBXTargetDependency */,
			);
			name = "studio-kit-exampleUITests";
			packageProductDependencies = (
			);
			productName = "convex-uikitUITests";
			productReference = A2B6DA172DB93214007886E6 /* studio-kit-exampleUITests.xctest */;
			productType = "com.apple.product-type.bundle.ui-testing";
		};
/* End PBXNativeTarget section */

/* Begin PBXProject section */
		A2B6D9EF2DB93213007886E6 /* Project object */ = {
			isa = PBXProject;
			attributes = {
				BuildIndependentTargetsInParallel = 1;
				LastSwiftUpdateCheck = 1620;
				LastUpgradeCheck = 1620;
				TargetAttributes = {
					A2B6D9F62DB93213007886E6 = {
						CreatedOnToolsVersion = 16.2;
					};
					A2B6DA0C2DB93214007886E6 = {
						CreatedOnToolsVersion = 16.2;
						TestTargetID = A2B6D9F62DB93213007886E6;
					};
					A2B6DA162DB93214007886E6 = {
						CreatedOnToolsVersion = 16.2;
						TestTargetID = A2B6D9F62DB93213007886E6;
					};
				};
			};
			buildConfigurationList = A2B6D9F22DB93213007886E6 /* Build configuration list for PBXProject "studio-kit-example" */;
			developmentRegion = en;
			hasScannedForEncodings = 0;
			knownRegions = (
				en,
				Base,
			);
			mainGroup = A2B6D9EE2DB93213007886E6;
			minimizedProjectReferenceProxies = 1;
			packageReferences = (
			);
			preferredProjectObjectVersion = 77;
			productRefGroup = A2B6D9F82DB93213007886E6 /* Products */;
			projectDirPath = "";
			projectRoot = "";
			targets = (
				A2B6D9F62DB93213007886E6 /* studio-kit-example */,
				A2B6DA0C2DB93214007886E6 /* studio-kit-exampleTests */,
				A2B6DA162DB93214007886E6 /* studio-kit-exampleUITests */,
			);
		};
/* End PBXProject section */

/* Begin PBXResourcesBuildPhase section */
		A2B6D9F52DB93213007886E6 /* Resources */ = {
			isa = PBXResourcesBuildPhase;
			buildActionMask = 2147483647;
			files = (
				A2B6E3312DC1B688007886E6 /* README.md in Resources */,
			);
			runOnlyForDeploymentPostprocessing = 0;
		};
		A2B6DA0B2DB93214007886E6 /* Resources */ = {
			isa = PBXResourcesBuildPhase;
			buildActionMask = 2147483647;
			files = (
			);
			runOnlyForDeploymentPostprocessing = 0;
		};
		A2B6DA152DB93214007886E6 /* Resources */ = {
			isa = PBXResourcesBuildPhase;
			buildActionMask = 2147483647;
			files = (
			);
			runOnlyForDeploymentPostprocessing = 0;
		};
/* End PBXResourcesBuildPhase section */

/* Begin PBXSourcesBuildPhase section */
		A2B6D9F32DB93213007886E6 /* Sources */ = {
			isa = PBXSourcesBuildPhase;
			buildActionMask = 2147483647;
			files = (
			);
			runOnlyForDeploymentPostprocessing = 0;
		};
		A2B6DA092DB93214007886E6 /* Sources */ = {
			isa = PBXSourcesBuildPhase;
			buildActionMask = 2147483647;
			files = (
			);
			runOnlyForDeploymentPostprocessing = 0;
		};
		A2B6DA132DB93214007886E6 /* Sources */ = {
			isa = PBXSourcesBuildPhase;
			buildActionMask = 2147483647;
			files = (
			);
			runOnlyForDeploymentPostprocessing = 0;
		};
/* End PBXSourcesBuildPhase section */

/* Begin PBXTargetDependency section */
		A2B6DA0F2DB93214007886E6 /* PBXTargetDependency */ = {
			isa = PBXTargetDependency;
			target = A2B6D9F62DB93213007886E6 /* studio-kit-example */;
			targetProxy = A2B6DA0E2DB93214007886E6 /* PBXContainerItemProxy */;
		};
		A2B6DA192DB93214007886E6 /* PBXTargetDependency */ = {
			isa = PBXTargetDependency;
			target = A2B6D9F62DB93213007886E6 /* studio-kit-example */;
			targetProxy = A2B6DA182DB93214007886E6 /* PBXContainerItemProxy */;
		};
/* End PBXTargetDependency section */

/* Begin XCBuildConfiguration section */
		A2B6DA212DB93214007886E6 /* Debug */ = {
			isa = XCBuildConfiguration;
			buildSettings = {
				ASSETCATALOG_COMPILER_APPICON_NAME = AppIcon;
				ASSETCATALOG_COMPILER_GLOBAL_ACCENT_COLOR_NAME = AccentColor;
				CODE_SIGN_STYLE = Automatic;
				CURRENT_PROJECT_VERSION = 1;
				DEVELOPMENT_TEAM = AGSD8B45YX;
				GENERATE_INFOPLIST_FILE = YES;
				INFOPLIST_FILE = "studio-kit-example/Info.plist";
				INFOPLIST_KEY_UIApplicationSupportsIndirectInputEvents = YES;
				INFOPLIST_KEY_UILaunchStoryboardName = LaunchScreen;
				INFOPLIST_KEY_UISupportedInterfaceOrientations_iPad = "UIInterfaceOrientationPortrait UIInterfaceOrientationPortraitUpsideDown UIInterfaceOrientationLandscapeLeft UIInterfaceOrientationLandscapeRight";
				INFOPLIST_KEY_UISupportedInterfaceOrientations_iPhone = "UIInterfaceOrientationPortrait UIInterfaceOrientationLandscapeLeft UIInterfaceOrientationLandscapeRight";
				IPHONEOS_DEPLOYMENT_TARGET = 17.6;
				LD_RUNPATH_SEARCH_PATHS = (
					"$(inherited)",
					"@executable_path/Frameworks",
				);
				MARKETING_VERSION = 1.0;
				PRODUCT_BUNDLE_IDENTIFIER = "com.1990.studio.studio-kit-example";
				PRODUCT_NAME = "$(TARGET_NAME)";
				SWIFT_EMIT_LOC_STRINGS = YES;
				SWIFT_VERSION = 5.0;
				TARGETED_DEVICE_FAMILY = "1,2";
			};
			name = Debug;
		};
		A2B6DA222DB93214007886E6 /* Release */ = {
			isa = XCBuildConfiguration;
			buildSettings = {
				ASSETCATALOG_COMPILER_APPICON_NAME = AppIcon;
				ASSETCATALOG_COMPILER_GLOBAL_ACCENT_COLOR_NAME = AccentColor;
				CODE_SIGN_STYLE = Automatic;
				CURRENT_PROJECT_VERSION = 1;
				DEVELOPMENT_TEAM = AGSD8B45YX;
				GENERATE_INFOPLIST_FILE = YES;
				INFOPLIST_FILE = "studio-kit-example/Info.plist";
				INFOPLIST_KEY_UIApplicationSupportsIndirectInputEvents = YES;
				INFOPLIST_KEY_UILaunchStoryboardName = LaunchScreen;
				INFOPLIST_KEY_UISupportedInterfaceOrientations_iPad = "UIInterfaceOrientationPortrait UIInterfaceOrientationPortraitUpsideDown UIInterfaceOrientationLandscapeLeft UIInterfaceOrientationLandscapeRight";
				INFOPLIST_KEY_UISupportedInterfaceOrientations_iPhone = "UIInterfaceOrientationPortrait UIInterfaceOrientationLandscapeLeft UIInterfaceOrientationLandscapeRight";
				IPHONEOS_DEPLOYMENT_TARGET = 17.6;
				LD_RUNPATH_SEARCH_PATHS = (
					"$(inherited)",
					"@executable_path/Frameworks",
				);
				MARKETING_VERSION = 1.0;
				PRODUCT_BUNDLE_IDENTIFIER = "com.1990.studio.studio-kit-example";
				PRODUCT_NAME = "$(TARGET_NAME)";
				SWIFT_EMIT_LOC_STRINGS = YES;
				SWIFT_VERSION = 5.0;
				TARGETED_DEVICE_FAMILY = "1,2";
			};
			name = Release;
		};
		A2B6DA232DB93214007886E6 /* Debug */ = {
			isa = XCBuildConfiguration;
			buildSettings = {
				ALWAYS_SEARCH_USER_PATHS = NO;
				ASSETCATALOG_COMPILER_GENERATE_SWIFT_ASSET_SYMBOL_EXTENSIONS = YES;
				CLANG_ANALYZER_NONNULL = YES;
				CLANG_ANALYZER_NUMBER_OBJECT_CONVERSION = YES_AGGRESSIVE;
				CLANG_CXX_LANGUAGE_STANDARD = "gnu++20";
				CLANG_ENABLE_MODULES = YES;
				CLANG_ENABLE_OBJC_ARC = YES;
				CLANG_ENABLE_OBJC_WEAK = YES;
				CLANG_WARN_BLOCK_CAPTURE_AUTORELEASING = YES;
				CLANG_WARN_BOOL_CONVERSION = YES;
				CLANG_WARN_COMMA = YES;
				CLANG_WARN_CONSTANT_CONVERSION = YES;
				CLANG_WARN_DEPRECATED_OBJC_IMPLEMENTATIONS = YES;
				CLANG_WARN_DIRECT_OBJC_ISA_USAGE = YES_ERROR;
				CLANG_WARN_DOCUMENTATION_COMMENTS = YES;
				CLANG_WARN_EMPTY_BODY = YES;
				CLANG_WARN_ENUM_CONVERSION = YES;
				CLANG_WARN_INFINITE_RECURSION = YES;
				CLANG_WARN_INT_CONVERSION = YES;
				CLANG_WARN_NON_LITERAL_NULL_CONVERSION = YES;
				CLANG_WARN_OBJC_IMPLICIT_RETAIN_SELF = YES;
				CLANG_WARN_OBJC_LITERAL_CONVERSION = YES;
				CLANG_WARN_OBJC_ROOT_CLASS = YES_ERROR;
				CLANG_WARN_QUOTED_INCLUDE_IN_FRAMEWORK_HEADER = YES;
				CLANG_WARN_RANGE_LOOP_ANALYSIS = YES;
				CLANG_WARN_STRICT_PROTOTYPES = YES;
				CLANG_WARN_SUSPICIOUS_MOVE = YES;
				CLANG_WARN_UNGUARDED_AVAILABILITY = YES_AGGRESSIVE;
				CLANG_WARN_UNREACHABLE_CODE = YES;
				CLANG_WARN__DUPLICATE_METHOD_MATCH = YES;
				COPY_PHASE_STRIP = NO;
				DEBUG_INFORMATION_FORMAT = dwarf;
				ENABLE_STRICT_OBJC_MSGSEND = YES;
				ENABLE_TESTABILITY = YES;
				ENABLE_USER_SCRIPT_SANDBOXING = YES;
				GCC_C_LANGUAGE_STANDARD = gnu17;
				GCC_DYNAMIC_NO_PIC = NO;
				GCC_NO_COMMON_BLOCKS = YES;
				GCC_OPTIMIZATION_LEVEL = 0;
				GCC_PREPROCESSOR_DEFINITIONS = (
					"DEBUG=1",
					"$(inherited)",
				);
				GCC_WARN_64_TO_32_BIT_CONVERSION = YES;
				GCC_WARN_ABOUT_RETURN_TYPE = YES_ERROR;
				GCC_WARN_UNDECLARED_SELECTOR = YES;
				GCC_WARN_UNINITIALIZED_AUTOS = YES_AGGRESSIVE;
				GCC_WARN_UNUSED_FUNCTION = YES;
				GCC_WARN_UNUSED_VARIABLE = YES;
				IPHONEOS_DEPLOYMENT_TARGET = 18.2;
				LOCALIZATION_PREFERS_STRING_CATALOGS = YES;
				MTL_ENABLE_DEBUG_INFO = INCLUDE_SOURCE;
				MTL_FAST_MATH = YES;
				ONLY_ACTIVE_ARCH = YES;
				SDKROOT = iphoneos;
				SWIFT_ACTIVE_COMPILATION_CONDITIONS = "DEBUG $(inherited)";
				SWIFT_OPTIMIZATION_LEVEL = "-Onone";
			};
			name = Debug;
		};
		A2B6DA242DB93214007886E6 /* Release */ = {
			isa = XCBuildConfiguration;
			buildSettings = {
				ALWAYS_SEARCH_USER_PATHS = NO;
				ASSETCATALOG_COMPILER_GENERATE_SWIFT_ASSET_SYMBOL_EXTENSIONS = YES;
				CLANG_ANALYZER_NONNULL = YES;
				CLANG_ANALYZER_NUMBER_OBJECT_CONVERSION = YES_AGGRESSIVE;
				CLANG_CXX_LANGUAGE_STANDARD = "gnu++20";
				CLANG_ENABLE_MODULES = YES;
				CLANG_ENABLE_OBJC_ARC = YES;
				CLANG_ENABLE_OBJC_WEAK = YES;
				CLANG_WARN_BLOCK_CAPTURE_AUTORELEASING = YES;
				CLANG_WARN_BOOL_CONVERSION = YES;
				CLANG_WARN_COMMA = YES;
				CLANG_WARN_CONSTANT_CONVERSION = YES;
				CLANG_WARN_DEPRECATED_OBJC_IMPLEMENTATIONS = YES;
				CLANG_WARN_DIRECT_OBJC_ISA_USAGE = YES_ERROR;
				CLANG_WARN_DOCUMENTATION_COMMENTS = YES;
				CLANG_WARN_EMPTY_BODY = YES;
				CLANG_WARN_ENUM_CONVERSION = YES;
				CLANG_WARN_INFINITE_RECURSION = YES;
				CLANG_WARN_INT_CONVERSION = YES;
				CLANG_WARN_NON_LITERAL_NULL_CONVERSION = YES;
				CLANG_WARN_OBJC_IMPLICIT_RETAIN_SELF = YES;
				CLANG_WARN_OBJC_LITERAL_CONVERSION = YES;
				CLANG_WARN_OBJC_ROOT_CLASS = YES_ERROR;
				CLANG_WARN_QUOTED_INCLUDE_IN_FRAMEWORK_HEADER = YES;
				CLANG_WARN_RANGE_LOOP_ANALYSIS = YES;
				CLANG_WARN_STRICT_PROTOTYPES = YES;
				CLANG_WARN_SUSPICIOUS_MOVE = YES;
				CLANG_WARN_UNGUARDED_AVAILABILITY = YES_AGGRESSIVE;
				CLANG_WARN_UNREACHABLE_CODE = YES;
				CLANG_WARN__DUPLICATE_METHOD_MATCH = YES;
				COPY_PHASE_STRIP = NO;
				DEBUG_INFORMATION_FORMAT = "dwarf-with-dsym";
				ENABLE_NS_ASSERTIONS = NO;
				ENABLE_STRICT_OBJC_MSGSEND = YES;
				ENABLE_USER_SCRIPT_SANDBOXING = YES;
				GCC_C_LANGUAGE_STANDARD = gnu17;
				GCC_NO_COMMON_BLOCKS = YES;
				GCC_WARN_64_TO_32_BIT_CONVERSION = YES;
				GCC_WARN_ABOUT_RETURN_TYPE = YES_ERROR;
				GCC_WARN_UNDECLARED_SELECTOR = YES;
				GCC_WARN_UNINITIALIZED_AUTOS = YES_AGGRESSIVE;
				GCC_WARN_UNUSED_FUNCTION = YES;
				GCC_WARN_UNUSED_VARIABLE = YES;
				IPHONEOS_DEPLOYMENT_TARGET = 18.2;
				LOCALIZATION_PREFERS_STRING_CATALOGS = YES;
				MTL_ENABLE_DEBUG_INFO = NO;
				MTL_FAST_MATH = YES;
				SDKROOT = iphoneos;
				SWIFT_COMPILATION_MODE = wholemodule;
				VALIDATE_PRODUCT = YES;
			};
			name = Release;
		};
		A2B6DA262DB93214007886E6 /* Debug */ = {
			isa = XCBuildConfiguration;
			buildSettings = {
				BUNDLE_LOADER = "$(TEST_HOST)";
				CODE_SIGN_STYLE = Automatic;
				CURRENT_PROJECT_VERSION = 1;
				DEVELOPMENT_TEAM = AGSD8B45YX;
				GENERATE_INFOPLIST_FILE = YES;
				IPHONEOS_DEPLOYMENT_TARGET = 18.2;
				MARKETING_VERSION = 1.0;
				PRODUCT_BUNDLE_IDENTIFIER = "com.1990.studio.convex-uikitTests";
				PRODUCT_NAME = "$(TARGET_NAME)";
				SWIFT_EMIT_LOC_STRINGS = NO;
				SWIFT_VERSION = 5.0;
				TARGETED_DEVICE_FAMILY = "1,2";
				TEST_HOST = "$(BUILT_PRODUCTS_DIR)/studio-kit-example.app/$(BUNDLE_EXECUTABLE_FOLDER_PATH)/studio-kit-example";
			};
			name = Debug;
		};
		A2B6DA272DB93214007886E6 /* Release */ = {
			isa = XCBuildConfiguration;
			buildSettings = {
				BUNDLE_LOADER = "$(TEST_HOST)";
				CODE_SIGN_STYLE = Automatic;
				CURRENT_PROJECT_VERSION = 1;
				DEVELOPMENT_TEAM = AGSD8B45YX;
				GENERATE_INFOPLIST_FILE = YES;
				IPHONEOS_DEPLOYMENT_TARGET = 18.2;
				MARKETING_VERSION = 1.0;
				PRODUCT_BUNDLE_IDENTIFIER = "com.1990.studio.convex-uikitTests";
				PRODUCT_NAME = "$(TARGET_NAME)";
				SWIFT_EMIT_LOC_STRINGS = NO;
				SWIFT_VERSION = 5.0;
				TARGETED_DEVICE_FAMILY = "1,2";
				TEST_HOST = "$(BUILT_PRODUCTS_DIR)/studio-kit-example.app/$(BUNDLE_EXECUTABLE_FOLDER_PATH)/studio-kit-example";
			};
			name = Release;
		};
		A2B6DA292DB93214007886E6 /* Debug */ = {
			isa = XCBuildConfiguration;
			buildSettings = {
				CODE_SIGN_STYLE = Automatic;
				CURRENT_PROJECT_VERSION = 1;
				DEVELOPMENT_TEAM = AGSD8B45YX;
				GENERATE_INFOPLIST_FILE = YES;
				MARKETING_VERSION = 1.0;
				PRODUCT_BUNDLE_IDENTIFIER = "com.1990.studio.convex-uikitUITests";
				PRODUCT_NAME = "$(TARGET_NAME)";
				SWIFT_EMIT_LOC_STRINGS = NO;
				SWIFT_VERSION = 5.0;
				TARGETED_DEVICE_FAMILY = "1,2";
				TEST_TARGET_NAME = "convex-uikit";
			};
			name = Debug;
		};
		A2B6DA2A2DB93214007886E6 /* Release */ = {
			isa = XCBuildConfiguration;
			buildSettings = {
				CODE_SIGN_STYLE = Automatic;
				CURRENT_PROJECT_VERSION = 1;
				DEVELOPMENT_TEAM = AGSD8B45YX;
				GENERATE_INFOPLIST_FILE = YES;
				MARKETING_VERSION = 1.0;
				PRODUCT_BUNDLE_IDENTIFIER = "com.1990.studio.convex-uikitUITests";
				PRODUCT_NAME = "$(TARGET_NAME)";
				SWIFT_EMIT_LOC_STRINGS = NO;
				SWIFT_VERSION = 5.0;
				TARGETED_DEVICE_FAMILY = "1,2";
				TEST_TARGET_NAME = "convex-uikit";
			};
			name = Release;
		};
/* End XCBuildConfiguration section */

/* Begin XCConfigurationList section */
		A2B6D9F22DB93213007886E6 /* Build configuration list for PBXProject "studio-kit-example" */ = {
			isa = XCConfigurationList;
			buildConfigurations = (
				A2B6DA232DB93214007886E6 /* Debug */,
				A2B6DA242DB93214007886E6 /* Release */,
			);
			defaultConfigurationIsVisible = 0;
			defaultConfigurationName = Release;
		};
		A2B6DA202DB93214007886E6 /* Build configuration list for PBXNativeTarget "studio-kit-example" */ = {
			isa = XCConfigurationList;
			buildConfigurations = (
				A2B6DA212DB93214007886E6 /* Debug */,
				A2B6DA222DB93214007886E6 /* Release */,
			);
			defaultConfigurationIsVisible = 0;
			defaultConfigurationName = Release;
		};
		A2B6DA252DB93214007886E6 /* Build configuration list for PBXNativeTarget "studio-kit-exampleTests" */ = {
			isa = XCConfigurationList;
			buildConfigurations = (
				A2B6DA262DB93214007886E6 /* Debug */,
				A2B6DA272DB93214007886E6 /* Release */,
			);
			defaultConfigurationIsVisible = 0;
			defaultConfigurationName = Release;
		};
		A2B6DA282DB93214007886E6 /* Build configuration list for PBXNativeTarget "studio-kit-exampleUITests" */ = {
			isa = XCConfigurationList;
			buildConfigurations = (
				A2B6DA292DB93214007886E6 /* Debug */,
				A2B6DA2A2DB93214007886E6 /* Release */,
			);
			defaultConfigurationIsVisible = 0;
			defaultConfigurationName = Release;
		};
/* End XCConfigurationList section */
	};
	rootObject = A2B6D9EF2DB93213007886E6 /* Project object */;
}
